
Microsoft Visual Studio Solution File, Format Version 12.00
# Visual Studio Version 17
VisualStudioVersion = 17.9.34728.123
MinimumVisualStudioVersion = 10.0.40219.1
Project("{9A19103F-16F7-4668-BE54-9A1E7A4F7556}") = "LearningPlatform", "LearningPlatform\LearningPlatform.csproj", "{ED63B8A5-CE21-404F-B57B-E15ADC32ECFF}"
EndProject
Global
	GlobalSection(SolutionConfigurationPlatforms) = preSolution
		Debug|Any CPU = Debug|Any CPU
		Release|Any CPU = Release|Any CPU
	EndGlobalSection
	GlobalSection(ProjectConfigurationPlatforms) = postSolution
		{ED63B8A5-CE21-404F-B57B-E15ADC32ECFF}.Debug|Any CPU.ActiveCfg = Debug|Any CPU
		{ED63B8A5-CE21-404F-B57B-E15ADC32ECFF}.Debug|Any CPU.Build.0 = Debug|Any CPU
		{ED63B8A5-CE21-404F-B57B-E15ADC32ECFF}.Release|Any CPU.ActiveCfg = Release|Any CPU
		{ED63B8A5-CE21-404F-B57B-E15ADC32ECFF}.Release|Any CPU.Build.0 = Release|Any CPU
	EndGlobalSection
	GlobalSection(SolutionProperties) = preSolution
		HideSolutionNode = FALSE
	EndGlobalSection
	GlobalSection(ExtensibilityGlobals) = postSolution
		SolutionGuid = {5346FE33-352F-45A5-BA89-FC7913A84E22}
	EndGlobalSection
EndGlobal
